
Microsoft Visual Studio Solution File, Format Version 10.00
# Visual Studio 2008
Project("{8BC9CEB8-8B4A-11D0-8D11-00A0C91BC942}") = "SafeExecutor", "SafeExecutor\SafeExecutor.vcproj", "{8E92DA32-521B-4F67-A48C-9A5E95D629BD}"
EndProject
Project("{8BC9CEB8-8B4A-11D0-8D11-00A0C91BC942}") = "test", "test\test.vcproj", "{B6837F9C-4FA5-471C-AE09-977CD6AB9403}"
	ProjectSection(ProjectDependencies) = postProject
		{8E92DA32-521B-4F67-A48C-9A5E95D629BD} = {8E92DA32-521B-4F67-A48C-9A5E95D629BD}
	EndProjectSection
EndProject
Global
	GlobalSection(SolutionConfigurationPlatforms) = preSolution
		Debug|Win32 = Debug|Win32
		Release|Win32 = Release|Win32
	EndGlobalSection
	GlobalSection(ProjectConfigurationPlatforms) = postSolution
		{8E92DA32-521B-4F67-A48C-9A5E95D629BD}.Debug|Win32.ActiveCfg = Debug|Win32
		{8E92DA32-521B-4F67-A48C-9A5E95D629BD}.Debug|Win32.Build.0 = Debug|Win32
		{8E92DA32-521B-4F67-A48C-9A5E95D629BD}.Release|Win32.ActiveCfg = Release|Win32
		{8E92DA32-521B-4F67-A48C-9A5E95D629BD}.Release|Win32.Build.0 = Release|Win32
		{B6837F9C-4FA5-471C-AE09-977CD6AB9403}.Debug|Win32.ActiveCfg = Debug|Win32
		{B6837F9C-4FA5-471C-AE09-977CD6AB9403}.Debug|Win32.Build.0 = Debug|Win32
		{B6837F9C-4FA5-471C-AE09-977CD6AB9403}.Release|Win32.ActiveCfg = Release|Win32
		{B6837F9C-4FA5-471C-AE09-977CD6AB9403}.Release|Win32.Build.0 = Release|Win32
	EndGlobalSection
	GlobalSection(SolutionProperties) = preSolution
		HideSolutionNode = FALSE
	EndGlobalSection
EndGlobal
